// !$*UTF8*$!
{
	archiveVersion = 1;
	classes = {
	};
	objectVersion = 52;
	objects = {

/* Begin PBXBuildFile section */
		3B3967161E833CAA004F5970 /* AppFrameworkInfo.plist in Resources */ = {isa = PBXBuildFile; fileRef = 3B3967151E833CAA004F5970 /* AppFrameworkInfo.plist */; };
		74858FAF1ED2DC5600515810 /* AppDelegate.swift in Sources */ = {isa = PBXBuildFile; fileRef = 74858FAE1ED2DC5600515810 /* AppDelegate.swift */; };
		97C146FC1CF9000F007C117D /* Main.storyboard in Resources */ = {isa = PBXBuildFile; fileRef = 97C146FA1CF9000F007C117D /* Main.storyboard */; };
		97C146FE1CF9000F007C117D /* Assets.xcassets in Resources */ = {isa = PBXBuildFile; fileRef = 97C146FD1CF9000F007C117D /* Assets.xcassets */; };
		97C147011CF9000F007C117D /* LaunchScreen.storyboard in Resources */ = {isa = PBXBuildFile; fileRef = 97C146FF1CF9000F007C117D /* LaunchScreen.storyboard */; };
		AEAE1C9129D432F500BEAF8D /* SuperAppAPI.swift in Sources */ = {isa = PBXBuildFile; fileRef = AEAE1C9029D432F500BEAF8D /* SuperAppAPI.swift */; };
		AEAE1CAD29D4601B00BEAF8D /* superapp.crt in Resources */ = {isa = PBXBuildFile; fileRef = AEAE1CAC29D4601B00BEAF8D /* superapp.crt */; };
		AEAE1CB029D460EF00BEAF8D /* GXCoreBL.xcframework in Frameworks */ = {isa = PBXBuildFile; fileRef = AEAE1C9729D44CE500BEAF8D /* GXCoreBL.xcframework */; };
		AEAE1CB129D460EF00BEAF8D /* GXCoreBL.xcframework in Embed Frameworks */ = {isa = PBXBuildFile; fileRef = AEAE1C9729D44CE500BEAF8D /* GXCoreBL.xcframework */; settings = {ATTRIBUTES = (CodeSignOnCopy, RemoveHeadersOnCopy, ); }; };
		AEAE1CB229D460EF00BEAF8D /* GXCoreUI.xcframework in Frameworks */ = {isa = PBXBuildFile; fileRef = AEAE1C9D29D44CE500BEAF8D /* GXCoreUI.xcframework */; };
		AEAE1CB329D460F000BEAF8D /* GXCoreUI.xcframework in Embed Frameworks */ = {isa = PBXBuildFile; fileRef = AEAE1C9D29D44CE500BEAF8D /* GXCoreUI.xcframework */; settings = {ATTRIBUTES = (CodeSignOnCopy, RemoveHeadersOnCopy, ); }; };
		AEAE1CB429D460F000BEAF8D /* GXDataLayer.xcframework in Frameworks */ = {isa = PBXBuildFile; fileRef = AEAE1C9E29D44CE500BEAF8D /* GXDataLayer.xcframework */; };
		AEAE1CB529D460F000BEAF8D /* GXDataLayer.xcframework in Embed Frameworks */ = {isa = PBXBuildFile; fileRef = AEAE1C9E29D44CE500BEAF8D /* GXDataLayer.xcframework */; settings = {ATTRIBUTES = (CodeSignOnCopy, RemoveHeadersOnCopy, ); }; };
		AEAE1CB629D460F000BEAF8D /* GXDataLayerRemote.xcframework in Frameworks */ = {isa = PBXBuildFile; fileRef = AEAE1C9629D44CE500BEAF8D /* GXDataLayerRemote.xcframework */; };
		AEAE1CB729D460F000BEAF8D /* GXDataLayerRemote.xcframework in Embed Frameworks */ = {isa = PBXBuildFile; fileRef = AEAE1C9629D44CE500BEAF8D /* GXDataLayerRemote.xcframework */; settings = {ATTRIBUTES = (CodeSignOnCopy, RemoveHeadersOnCopy, ); }; };
		AEAE1CB829D460F000BEAF8D /* GXFoundation.xcframework in Frameworks */ = {isa = PBXBuildFile; fileRef = AEAE1C9529D44CE500BEAF8D /* GXFoundation.xcframework */; };
		AEAE1CB929D460F000BEAF8D /* GXFoundation.xcframework in Embed Frameworks */ = {isa = PBXBuildFile; fileRef = AEAE1C9529D44CE500BEAF8D /* GXFoundation.xcframework */; settings = {ATTRIBUTES = (CodeSignOnCopy, RemoveHeadersOnCopy, ); }; };
		AEAE1CBA29D460F000BEAF8D /* GXObjectsModel.xcframework in Frameworks */ = {isa = PBXBuildFile; fileRef = AEAE1C9929D44CE500BEAF8D /* GXObjectsModel.xcframework */; };
		AEAE1CBB29D460F000BEAF8D /* GXObjectsModel.xcframework in Embed Frameworks */ = {isa = PBXBuildFile; fileRef = AEAE1C9929D44CE500BEAF8D /* GXObjectsModel.xcframework */; settings = {ATTRIBUTES = (CodeSignOnCopy, RemoveHeadersOnCopy, ); }; };
		AEAE1CBC29D460F000BEAF8D /* GXStandardClasses.xcframework in Frameworks */ = {isa = PBXBuildFile; fileRef = AEAE1C9A29D44CE500BEAF8D /* GXStandardClasses.xcframework */; };
		AEAE1CBD29D460F000BEAF8D /* GXStandardClasses.xcframework in Embed Frameworks */ = {isa = PBXBuildFile; fileRef = AEAE1C9A29D44CE500BEAF8D /* GXStandardClasses.xcframework */; settings = {ATTRIBUTES = (CodeSignOnCopy, RemoveHeadersOnCopy, ); }; };
		AEAE1CBE29D460F000BEAF8D /* GXUCStarRating.xcframework in Frameworks */ = {isa = PBXBuildFile; fileRef = AEAE1C9429D44CE500BEAF8D /* GXUCStarRating.xcframework */; };
		AEAE1CBF29D460F100BEAF8D /* GXUCStarRating.xcframework in Embed Frameworks */ = {isa = PBXBuildFile; fileRef = AEAE1C9429D44CE500BEAF8D /* GXUCStarRating.xcframework */; settings = {ATTRIBUTES = (CodeSignOnCopy, RemoveHeadersOnCopy, ); }; };
		AEAE1CC029D460F100BEAF8D /* GXUIApplication.xcframework in Frameworks */ = {isa = PBXBuildFile; fileRef = AEAE1C9C29D44CE500BEAF8D /* GXUIApplication.xcframework */; };
		AEAE1CC129D460F100BEAF8D /* GXUIApplication.xcframework in Embed Frameworks */ = {isa = PBXBuildFile; fileRef = AEAE1C9C29D44CE500BEAF8D /* GXUIApplication.xcframework */; settings = {ATTRIBUTES = (CodeSignOnCopy, RemoveHeadersOnCopy, ); }; };
		AEAE1CC229D460F100BEAF8D /* YAJL.xcframework in Frameworks */ = {isa = PBXBuildFile; fileRef = AEAE1C9B29D44CE500BEAF8D /* YAJL.xcframework */; };
		AEAE1CC329D460F100BEAF8D /* YAJL.xcframework in Embed Frameworks */ = {isa = PBXBuildFile; fileRef = AEAE1C9B29D44CE500BEAF8D /* YAJL.xcframework */; settings = {ATTRIBUTES = (CodeSignOnCopy, RemoveHeadersOnCopy, ); }; };
		AEAE1E4729D47FF000BEAF8D /* ProvisioningAPI.swift in Sources */ = {isa = PBXBuildFile; fileRef = AEAE1E4629D47FF000BEAF8D /* ProvisioningAPI.swift */; };
		AEAE1E4B29D4841000BEAF8D /* SampleExObjHandler.swift in Sources */ = {isa = PBXBuildFile; fileRef = AEAE1E4929D4841000BEAF8D /* SampleExObjHandler.swift */; };
		AEAE1E4C29D4841000BEAF8D /* SampleExObjLibrary.swift in Sources */ = {isa = PBXBuildFile; fileRef = AEAE1E4A29D4841000BEAF8D /* SampleExObjLibrary.swift */; };
/* End PBXBuildFile section */

/* Begin PBXCopyFilesBuildPhase section */
		9705A1C41CF9048500538489 /* Embed Frameworks */ = {
			isa = PBXCopyFilesBuildPhase;
			buildActionMask = 2147483647;
			dstPath = "";
			dstSubfolderSpec = 10;
			files = (
				AEAE1CB529D460F000BEAF8D /* GXDataLayer.xcframework in Embed Frameworks */,
				AEAE1CB129D460EF00BEAF8D /* GXCoreBL.xcframework in Embed Frameworks */,
				AEAE1CB729D460F000BEAF8D /* GXDataLayerRemote.xcframework in Embed Frameworks */,
				AEAE1CC329D460F100BEAF8D /* YAJL.xcframework in Embed Frameworks */,
				AEAE1CBB29D460F000BEAF8D /* GXObjectsModel.xcframework in Embed Frameworks */,
				AEAE1CBD29D460F000BEAF8D /* GXStandardClasses.xcframework in Embed Frameworks */,
				AEAE1CB929D460F000BEAF8D /* GXFoundation.xcframework in Embed Frameworks */,
				AEAE1CC129D460F100BEAF8D /* GXUIApplication.xcframework in Embed Frameworks */,
				AEAE1CB329D460F000BEAF8D /* GXCoreUI.xcframework in Embed Frameworks */,
				AEAE1CBF29D460F100BEAF8D /* GXUCStarRating.xcframework in Embed Frameworks */,
			);
			name = "Embed Frameworks";
			runOnlyForDeploymentPostprocessing = 0;
		};
/* End PBXCopyFilesBuildPhase section */

/* Begin PBXFileReference section */
		3B3967151E833CAA004F5970 /* AppFrameworkInfo.plist */ = {isa = PBXFileReference; fileEncoding = 4; lastKnownFileType = text.plist.xml; name = AppFrameworkInfo.plist; path = Flutter/AppFrameworkInfo.plist; sourceTree = "<group>"; };
		74858FAD1ED2DC5600515810 /* Runner-Bridging-Header.h */ = {isa = PBXFileReference; lastKnownFileType = sourcecode.c.h; path = "Runner-Bridging-Header.h"; sourceTree = "<group>"; };
		74858FAE1ED2DC5600515810 /* AppDelegate.swift */ = {isa = PBXFileReference; fileEncoding = 4; lastKnownFileType = sourcecode.swift; path = AppDelegate.swift; sourceTree = "<group>"; };
		7AFA3C8E1D35360C0083082E /* Release.xcconfig */ = {isa = PBXFileReference; lastKnownFileType = text.xcconfig; name = Release.xcconfig; path = Flutter/Release.xcconfig; sourceTree = "<group>"; };
		9740EEB21CF90195004384FC /* Debug.xcconfig */ = {isa = PBXFileReference; fileEncoding = 4; lastKnownFileType = text.xcconfig; name = Debug.xcconfig; path = Flutter/Debug.xcconfig; sourceTree = "<group>"; };
		9740EEB31CF90195004384FC /* Generated.xcconfig */ = {isa = PBXFileReference; fileEncoding = 4; lastKnownFileType = text.xcconfig; name = Generated.xcconfig; path = Flutter/Generated.xcconfig; sourceTree = "<group>"; };
		97C146EE1CF9000F007C117D /* Runner.app */ = {isa = PBXFileReference; explicitFileType = wrapper.application; includeInIndex = 0; path = Runner.app; sourceTree = BUILT_PRODUCTS_DIR; };
		97C146FB1CF9000F007C117D /* Base */ = {isa = PBXFileReference; lastKnownFileType = file.storyboard; name = Base; path = Base.lproj/Main.storyboard; sourceTree = "<group>"; };
		97C146FD1CF9000F007C117D /* Assets.xcassets */ = {isa = PBXFileReference; lastKnownFileType = folder.assetcatalog; path = Assets.xcassets; sourceTree = "<group>"; };
		97C147001CF9000F007C117D /* Base */ = {isa = PBXFileReference; lastKnownFileType = file.storyboard; name = Base; path = Base.lproj/LaunchScreen.storyboard; sourceTree = "<group>"; };
		97C147021CF9000F007C117D /* Info.plist */ = {isa = PBXFileReference; lastKnownFileType = text.plist.xml; path = Info.plist; sourceTree = "<group>"; };
		AEAE1C9029D432F500BEAF8D /* SuperAppAPI.swift */ = {isa = PBXFileReference; fileEncoding = 4; lastKnownFileType = sourcecode.swift; name = SuperAppAPI.swift; path = ../../../ios/Classes/SuperAppAPI.swift; sourceTree = "<group>"; };
		AEAE1C9329D44CC400BEAF8D /* README.md */ = {isa = PBXFileReference; lastKnownFileType = net.daringfireball.markdown; path = README.md; sourceTree = "<group>"; };
		AEAE1C9429D44CE500BEAF8D /* GXUCStarRating.xcframework */ = {isa = PBXFileReference; lastKnownFileType = wrapper.xcframework; path = GXUCStarRating.xcframework; sourceTree = "<group>"; };
		AEAE1C9529D44CE500BEAF8D /* GXFoundation.xcframework */ = {isa = PBXFileReference; lastKnownFileType = wrapper.xcframework; path = GXFoundation.xcframework; sourceTree = "<group>"; };
		AEAE1C9629D44CE500BEAF8D /* GXDataLayerRemote.xcframework */ = {isa = PBXFileReference; lastKnownFileType = wrapper.xcframework; path = GXDataLayerRemote.xcframework; sourceTree = "<group>"; };
		AEAE1C9729D44CE500BEAF8D /* GXCoreBL.xcframework */ = {isa = PBXFileReference; lastKnownFileType = wrapper.xcframework; path = GXCoreBL.xcframework; sourceTree = "<group>"; };
		AEAE1C9929D44CE500BEAF8D /* GXObjectsModel.xcframework */ = {isa = PBXFileReference; lastKnownFileType = wrapper.xcframework; path = GXObjectsModel.xcframework; sourceTree = "<group>"; };
		AEAE1C9A29D44CE500BEAF8D /* GXStandardClasses.xcframework */ = {isa = PBXFileReference; lastKnownFileType = wrapper.xcframework; path = GXStandardClasses.xcframework; sourceTree = "<group>"; };
		AEAE1C9B29D44CE500BEAF8D /* YAJL.xcframework */ = {isa = PBXFileReference; lastKnownFileType = wrapper.xcframework; path = YAJL.xcframework; sourceTree = "<group>"; };
		AEAE1C9C29D44CE500BEAF8D /* GXUIApplication.xcframework */ = {isa = PBXFileReference; lastKnownFileType = wrapper.xcframework; path = GXUIApplication.xcframework; sourceTree = "<group>"; };
		AEAE1C9D29D44CE500BEAF8D /* GXCoreUI.xcframework */ = {isa = PBXFileReference; lastKnownFileType = wrapper.xcframework; path = GXCoreUI.xcframework; sourceTree = "<group>"; };
		AEAE1C9E29D44CE500BEAF8D /* GXDataLayer.xcframework */ = {isa = PBXFileReference; lastKnownFileType = wrapper.xcframework; path = GXDataLayer.xcframework; sourceTree = "<group>"; };
		AEAE1CAC29D4601B00BEAF8D /* superapp.crt */ = {isa = PBXFileReference; fileEncoding = 4; lastKnownFileType = text; name = superapp.crt; path = ../../../../../iOS/ExampleSuperApp/superapp.crt; sourceTree = "<group>"; };
		AEAE1E4629D47FF000BEAF8D /* ProvisioningAPI.swift */ = {isa = PBXFileReference; fileEncoding = 4; lastKnownFileType = sourcecode.swift; name = ProvisioningAPI.swift; path = ../../../ios/Classes/ProvisioningAPI.swift; sourceTree = "<group>"; };
		AEAE1E4929D4841000BEAF8D /* SampleExObjHandler.swift */ = {isa = PBXFileReference; fileEncoding = 4; lastKnownFileType = sourcecode.swift; path = SampleExObjHandler.swift; sourceTree = "<group>"; };
		AEAE1E4A29D4841000BEAF8D /* SampleExObjLibrary.swift */ = {isa = PBXFileReference; fileEncoding = 4; lastKnownFileType = sourcecode.swift; path = SampleExObjLibrary.swift; sourceTree = "<group>"; };
/* End PBXFileReference section */

/* Begin PBXFrameworksBuildPhase section */
		97C146EB1CF9000F007C117D /* Frameworks */ = {
			isa = PBXFrameworksBuildPhase;
			buildActionMask = 2147483647;
			files = (
				AEAE1CB829D460F000BEAF8D /* GXFoundation.xcframework in Frameworks */,
				AEAE1CB429D460F000BEAF8D /* GXDataLayer.xcframework in Frameworks */,
				AEAE1CBE29D460F000BEAF8D /* GXUCStarRating.xcframework in Frameworks */,
				AEAE1CC229D460F100BEAF8D /* YAJL.xcframework in Frameworks */,
				AEAE1CBC29D460F000BEAF8D /* GXStandardClasses.xcframework in Frameworks */,
				AEAE1CBA29D460F000BEAF8D /* GXObjectsModel.xcframework in Frameworks */,
				AEAE1CC029D460F100BEAF8D /* GXUIApplication.xcframework in Frameworks */,
				AEAE1CB029D460EF00BEAF8D /* GXCoreBL.xcframework in Frameworks */,
				AEAE1CB629D460F000BEAF8D /* GXDataLayerRemote.xcframework in Frameworks */,
				AEAE1CB229D460EF00BEAF8D /* GXCoreUI.xcframework in Frameworks */,
			);
			runOnlyForDeploymentPostprocessing = 0;
		};
/* End PBXFrameworksBuildPhase section */

/* Begin PBXGroup section */
		9740EEB11CF90186004384FC /* Flutter */ = {
			isa = PBXGroup;
			children = (
				3B3967151E833CAA004F5970 /* AppFrameworkInfo.plist */,
				9740EEB21CF90195004384FC /* Debug.xcconfig */,
				7AFA3C8E1D35360C0083082E /* Release.xcconfig */,
				9740EEB31CF90195004384FC /* Generated.xcconfig */,
			);
			name = Flutter;
			sourceTree = "<group>";
		};
		97C146E51CF9000F007C117D = {
			isa = PBXGroup;
			children = (
				9740EEB11CF90186004384FC /* Flutter */,
				97C146F01CF9000F007C117D /* Runner */,
				AEAE1E4829D483D800BEAF8D /* SampleExternalObject */,
				AEAE1C9229D44C9900BEAF8D /* GeneXus Frameworks */,
				97C146EF1CF9000F007C117D /* Products */,
			);
			sourceTree = "<group>";
		};
		97C146EF1CF9000F007C117D /* Products */ = {
			isa = PBXGroup;
			children = (
				97C146EE1CF9000F007C117D /* Runner.app */,
			);
			name = Products;
			sourceTree = "<group>";
		};
		97C146F01CF9000F007C117D /* Runner */ = {
			isa = PBXGroup;
			children = (
				97C146FA1CF9000F007C117D /* Main.storyboard */,
				97C146FD1CF9000F007C117D /* Assets.xcassets */,
				97C146FF1CF9000F007C117D /* LaunchScreen.storyboard */,
				97C147021CF9000F007C117D /* Info.plist */,
				AEAE1CAC29D4601B00BEAF8D /* superapp.crt */,
				74858FAE1ED2DC5600515810 /* AppDelegate.swift */,
				AEAE1C9029D432F500BEAF8D /* SuperAppAPI.swift */,
				AEAE1E4629D47FF000BEAF8D /* ProvisioningAPI.swift */,
				74858FAD1ED2DC5600515810 /* Runner-Bridging-Header.h */,
			);
			path = Runner;
			sourceTree = "<group>";
		};
		AEAE1C9229D44C9900BEAF8D /* GeneXus Frameworks */ = {
			isa = PBXGroup;
			children = (
				AEAE1C9329D44CC400BEAF8D /* README.md */,
				AEAE1C9729D44CE500BEAF8D /* GXCoreBL.xcframework */,
				AEAE1C9D29D44CE500BEAF8D /* GXCoreUI.xcframework */,
				AEAE1C9E29D44CE500BEAF8D /* GXDataLayer.xcframework */,
				AEAE1C9629D44CE500BEAF8D /* GXDataLayerRemote.xcframework */,
				AEAE1C9529D44CE500BEAF8D /* GXFoundation.xcframework */,
				AEAE1C9929D44CE500BEAF8D /* GXObjectsModel.xcframework */,
				AEAE1C9A29D44CE500BEAF8D /* GXStandardClasses.xcframework */,
				AEAE1C9429D44CE500BEAF8D /* GXUCStarRating.xcframework */,
				AEAE1C9C29D44CE500BEAF8D /* GXUIApplication.xcframework */,
				AEAE1C9B29D44CE500BEAF8D /* YAJL.xcframework */,
			);
			name = "GeneXus Frameworks";
			path = "../../../../iOS/GeneXus Frameworks";
			sourceTree = "<group>";
		};
		AEAE1E4829D483D800BEAF8D /* SampleExternalObject */ = {
			isa = PBXGroup;
			children = (
				AEAE1E4929D4841000BEAF8D /* SampleExObjHandler.swift */,
				AEAE1E4A29D4841000BEAF8D /* SampleExObjLibrary.swift */,
			);
			name = SampleExternalObject;
			path = ../../ios/Classes/SampleExternalObject;
			sourceTree = "<group>";
		};
/* End PBXGroup section */

/* Begin PBXNativeTarget section */
		97C146ED1CF9000F007C117D /* Runner */ = {
			isa = PBXNativeTarget;
			buildConfigurationList = 97C147051CF9000F007C117D /* Build configuration list for PBXNativeTarget "Runner" */;
			buildPhases = (
				9740EEB61CF901F6004384FC /* Run Script */,
				97C146EA1CF9000F007C117D /* Sources */,
				97C146EB1CF9000F007C117D /* Frameworks */,
				97C146EC1CF9000F007C117D /* Resources */,
				9705A1C41CF9048500538489 /* Embed Frameworks */,
				3B06AD1E1E4923F5004D2608 /* Thin Binary */,
			);
			buildRules = (
			);
			dependencies = (
			);
			name = Runner;
			productName = Runner;
			productReference = 97C146EE1CF9000F007C117D /* Runner.app */;
			productType = "com.apple.product-type.application";
		};
/* End PBXNativeTarget section */

/* Begin PBXProject section */
		97C146E61CF9000F007C117D /* Project object */ = {
			isa = PBXProject;
			attributes = {
				LastUpgradeCheck = 1300;
				ORGANIZATIONNAME = "";
				TargetAttributes = {
					97C146ED1CF9000F007C117D = {
						CreatedOnToolsVersion = 7.3.1;
						LastSwiftMigration = 1100;
					};
				};
			};
			buildConfigurationList = 97C146E91CF9000F007C117D /* Build configuration list for PBXProject "Runner" */;
			compatibilityVersion = "Xcode 9.3";
			developmentRegion = en;
			hasScannedForEncodings = 0;
			knownRegions = (
				en,
				Base,
			);
			mainGroup = 97C146E51CF9000F007C117D;
			productRefGroup = 97C146EF1CF9000F007C117D /* Products */;
			projectDirPath = "";
			projectRoot = "";
			targets = (
				97C146ED1CF9000F007C117D /* Runner */,
			);
		};
/* End PBXProject section */

/* Begin PBXResourcesBuildPhase section */
		97C146EC1CF9000F007C117D /* Resources */ = {
			isa = PBXResourcesBuildPhase;
			buildActionMask = 2147483647;
			files = (
				97C147011CF9000F007C117D /* LaunchScreen.storyboard in Resources */,
				3B3967161E833CAA004F5970 /* AppFrameworkInfo.plist in Resources */,
				97C146FE1CF9000F007C117D /* Assets.xcassets in Resources */,
				97C146FC1CF9000F007C117D /* Main.storyboard in Resources */,
				AEAE1CAD29D4601B00BEAF8D /* superapp.crt in Resources */,
			);
			runOnlyForDeploymentPostprocessing = 0;
		};
/* End PBXResourcesBuildPhase section */

/* Begin PBXShellScriptBuildPhase section */
		3B06AD1E1E4923F5004D2608 /* Thin Binary */ = {
			isa = PBXShellScriptBuildPhase;
			buildActionMask = 2147483647;
			files = (
			);
			inputPaths = (
			);
			name = "Thin Binary";
			outputPaths = (
			);
			runOnlyForDeploymentPostprocessing = 0;
			shellPath = /bin/sh;
			shellScript = "/bin/sh \"$FLUTTER_ROOT/packages/flutter_tools/bin/xcode_backend.sh\" embed_and_thin";
		};
		9740EEB61CF901F6004384FC /* Run Script */ = {
			isa = PBXShellScriptBuildPhase;
			buildActionMask = 2147483647;
			files = (
			);
			inputPaths = (
			);
			name = "Run Script";
			outputPaths = (
			);
			runOnlyForDeploymentPostprocessing = 0;
			shellPath = /bin/sh;
			shellScript = "/bin/sh \"$FLUTTER_ROOT/packages/flutter_tools/bin/xcode_backend.sh\" build";
		};
/* End PBXShellScriptBuildPhase section */

/* Begin PBXSourcesBuildPhase section */
		97C146EA1CF9000F007C117D /* Sources */ = {
			isa = PBXSourcesBuildPhase;
			buildActionMask = 2147483647;
			files = (
				AEAE1E4729D47FF000BEAF8D /* ProvisioningAPI.swift in Sources */,
				74858FAF1ED2DC5600515810 /* AppDelegate.swift in Sources */,
				AEAE1C9129D432F500BEAF8D /* SuperAppAPI.swift in Sources */,
				AEAE1E4B29D4841000BEAF8D /* SampleExObjHandler.swift in Sources */,
				AEAE1E4C29D4841000BEAF8D /* SampleExObjLibrary.swift in Sources */,
			);
			runOnlyForDeploymentPostprocessing = 0;
		};
/* End PBXSourcesBuildPhase section */

/* Begin PBXVariantGroup section */
		97C146FA1CF9000F007C117D /* Main.storyboard */ = {
			isa = PBXVariantGroup;
			children = (
				97C146FB1CF9000F007C117D /* Base */,
			);
			name = Main.storyboard;
			sourceTree = "<group>";
		};
		97C146FF1CF9000F007C117D /* LaunchScreen.storyboard */ = {
			isa = PBXVariantGroup;
			children = (
				97C147001CF9000F007C117D /* Base */,
			);
			name = LaunchScreen.storyboard;
			sourceTree = "<group>";
		};
/* End PBXVariantGroup section */

/* Begin XCBuildConfiguration section */
		249021D3217E4FDB00AE95B9 /* Profile */ = {
			isa = XCBuildConfiguration;
			buildSettings = {
				ALWAYS_SEARCH_USER_PATHS = NO;
				CLANG_ANALYZER_NONNULL = YES;
				CLANG_CXX_LANGUAGE_STANDARD = "gnu++0x";
				CLANG_CXX_LIBRARY = "libc++";
				CLANG_ENABLE_MODULES = YES;
				CLANG_ENABLE_OBJC_ARC = YES;
				CLANG_WARN_BLOCK_CAPTURE_AUTORELEASING = YES;
				CLANG_WARN_BOOL_CONVERSION = YES;
				CLANG_WARN_COMMA = YES;
				CLANG_WARN_CONSTANT_CONVERSION = YES;
				CLANG_WARN_DEPRECATED_OBJC_IMPLEMENTATIONS = YES;
				CLANG_WARN_DIRECT_OBJC_ISA_USAGE = YES_ERROR;
				CLANG_WARN_EMPTY_BODY = YES;
				CLANG_WARN_ENUM_CONVERSION = YES;
				CLANG_WARN_INFINITE_RECURSION = YES;
				CLANG_WARN_INT_CONVERSION = YES;
				CLANG_WARN_NON_LITERAL_NULL_CONVERSION = YES;
				CLANG_WARN_OBJC_IMPLICIT_RETAIN_SELF = YES;
				CLANG_WARN_OBJC_LITERAL_CONVERSION = YES;
				CLANG_WARN_OBJC_ROOT_CLASS = YES_ERROR;
				CLANG_WARN_RANGE_LOOP_ANALYSIS = YES;
				CLANG_WARN_STRICT_PROTOTYPES = YES;
				CLANG_WARN_SUSPICIOUS_MOVE = YES;
				CLANG_WARN_UNREACHABLE_CODE = YES;
				CLANG_WARN__DUPLICATE_METHOD_MATCH = YES;
				"CODE_SIGN_IDENTITY[sdk=iphoneos*]" = "iPhone Developer";
				COPY_PHASE_STRIP = NO;
				DEBUG_INFORMATION_FORMAT = "dwarf-with-dsym";
				ENABLE_NS_ASSERTIONS = NO;
				ENABLE_STRICT_OBJC_MSGSEND = YES;
				GCC_C_LANGUAGE_STANDARD = gnu99;
				GCC_NO_COMMON_BLOCKS = YES;
				GCC_WARN_64_TO_32_BIT_CONVERSION = YES;
				GCC_WARN_ABOUT_RETURN_TYPE = YES_ERROR;
				GCC_WARN_UNDECLARED_SELECTOR = YES;
				GCC_WARN_UNINITIALIZED_AUTOS = YES_AGGRESSIVE;
				GCC_WARN_UNUSED_FUNCTION = YES;
				GCC_WARN_UNUSED_VARIABLE = YES;
				IPHONEOS_DEPLOYMENT_TARGET = 11.0;
				MTL_ENABLE_DEBUG_INFO = NO;
				SDKROOT = iphoneos;
				SUPPORTED_PLATFORMS = iphoneos;
				TARGETED_DEVICE_FAMILY = "1,2";
				VALIDATE_PRODUCT = YES;
			};
			name = Profile;
		};
		249021D4217E4FDB00AE95B9 /* Profile */ = {
			isa = XCBuildConfiguration;
			baseConfigurationReference = 7AFA3C8E1D35360C0083082E /* Release.xcconfig */;
			buildSettings = {
				ASSETCATALOG_COMPILER_APPICON_NAME = AppIcon;
				CLANG_ENABLE_MODULES = YES;
				CURRENT_PROJECT_VERSION = "$(FLUTTER_BUILD_NUMBER)";
				ENABLE_BITCODE = NO;
				INFOPLIST_FILE = Runner/Info.plist;
				IPHONEOS_DEPLOYMENT_TARGET = 12.0;
				LD_RUNPATH_SEARCH_PATHS = (
					"$(inherited)",
					"@executable_path/Frameworks",
				);
				PRODUCT_BUNDLE_IDENTIFIER = com.genexus.exampleSuperappExample;
				PRODUCT_NAME = "$(TARGET_NAME)";
				SWIFT_OBJC_BRIDGING_HEADER = "Runner/Runner-Bridging-Header.h";
				SWIFT_VERSION = 5.0;
				VERSIONING_SYSTEM = "apple-generic";
			};
			name = Profile;
		};
		97C147031CF9000F007C117D /* Debug */ = {
			isa = XCBuildConfiguration;
			buildSettings = {
				ALWAYS_SEARCH_USER_PATHS = NO;
				CLANG_ANALYZER_NONNULL = YES;
				CLANG_CXX_LANGUAGE_STANDARD = "gnu++0x";
				CLANG_CXX_LIBRARY = "libc++";
				CLANG_ENABLE_MODULES = YES;
				CLANG_ENABLE_OBJC_ARC = YES;
				CLANG_WARN_BLOCK_CAPTURE_AUTORELEASING = YES;
				CLANG_WARN_BOOL_CONVERSION = YES;
				CLANG_WARN_COMMA = YES;
				CLANG_WARN_CONSTANT_CONVERSION = YES;
				CLANG_WARN_DEPRECATED_OBJC_IMPLEMENTATIONS = YES;
				CLANG_WARN_DIRECT_OBJC_ISA_USAGE = YES_ERROR;
				CLANG_WARN_EMPTY_BODY = YES;
				CLANG_WARN_ENUM_CONVERSION = YES;
				CLANG_WARN_INFINITE_RECURSION = YES;
				CLANG_WARN_INT_CONVERSION = YES;
				CLANG_WARN_NON_LITERAL_NULL_CONVERSION = YES;
				CLANG_WARN_OBJC_IMPLICIT_RETAIN_SELF = YES;
				CLANG_WARN_OBJC_LITERAL_CONVERSION = YES;
				CLANG_WARN_OBJC_ROOT_CLASS = YES_ERROR;
				CLANG_WARN_RANGE_LOOP_ANALYSIS = YES;
				CLANG_WARN_STRICT_PROTOTYPES = YES;
				CLANG_WARN_SUSPICIOUS_MOVE = YES;
				CLANG_WARN_UNREACHABLE_CODE = YES;
				CLANG_WARN__DUPLICATE_METHOD_MATCH = YES;
				"CODE_SIGN_IDENTITY[sdk=iphoneos*]" = "iPhone Developer";
				COPY_PHASE_STRIP = NO;
				DEBUG_INFORMATION_FORMAT = dwarf;
				ENABLE_STRICT_OBJC_MSGSEND = YES;
				ENABLE_TESTABILITY = YES;
				GCC_C_LANGUAGE_STANDARD = gnu99;
				GCC_DYNAMIC_NO_PIC = NO;
				GCC_NO_COMMON_BLOCKS = YES;
				GCC_OPTIMIZATION_LEVEL = 0;
				GCC_PREPROCESSOR_DEFINITIONS = (
					"DEBUG=1",
					"$(inherited)",
				);
				GCC_WARN_64_TO_32_BIT_CONVERSION = YES;
				GCC_WARN_ABOUT_RETURN_TYPE = YES_ERROR;
				GCC_WARN_UNDECLARED_SELECTOR = YES;
				GCC_WARN_UNINITIALIZED_AUTOS = YES_AGGRESSIVE;
				GCC_WARN_UNUSED_FUNCTION = YES;
				GCC_WARN_UNUSED_VARIABLE = YES;
				IPHONEOS_DEPLOYMENT_TARGET = 11.0;
				MTL_ENABLE_DEBUG_INFO = YES;
				ONLY_ACTIVE_ARCH = YES;
				SDKROOT = iphoneos;
				TARGETED_DEVICE_FAMILY = "1,2";
			};
			name = Debug;
		};
		97C147041CF9000F007C117D /* Release */ = {
			isa = XCBuildConfiguration;
			buildSettings = {
				ALWAYS_SEARCH_USER_PATHS = NO;
				CLANG_ANALYZER_NONNULL = YES;
				CLANG_CXX_LANGUAGE_STANDARD = "gnu++0x";
				CLANG_CXX_LIBRARY = "libc++";
				CLANG_ENABLE_MODULES = YES;
				CLANG_ENABLE_OBJC_ARC = YES;
				CLANG_WARN_BLOCK_CAPTURE_AUTORELEASING = YES;
				CLANG_WARN_BOOL_CONVERSION = YES;
				CLANG_WARN_COMMA = YES;
				CLANG_WARN_CONSTANT_CONVERSION = YES;
				CLANG_WARN_DEPRECATED_OBJC_IMPLEMENTATIONS = YES;
				CLANG_WARN_DIRECT_OBJC_ISA_USAGE = YES_ERROR;
				CLANG_WARN_EMPTY_BODY = YES;
				CLANG_WARN_ENUM_CONVERSION = YES;
				CLANG_WARN_INFINITE_RECURSION = YES;
				CLANG_WARN_INT_CONVERSION = YES;
				CLANG_WARN_NON_LITERAL_NULL_CONVERSION = YES;
				CLANG_WARN_OBJC_IMPLICIT_RETAIN_SELF = YES;
				CLANG_WARN_OBJC_LITERAL_CONVERSION = YES;
				CLANG_WARN_OBJC_ROOT_CLASS = YES_ERROR;
				CLANG_WARN_RANGE_LOOP_ANALYSIS = YES;
				CLANG_WARN_STRICT_PROTOTYPES = YES;
				CLANG_WARN_SUSPICIOUS_MOVE = YES;
				CLANG_WARN_UNREACHABLE_CODE = YES;
				CLANG_WARN__DUPLICATE_METHOD_MATCH = YES;
				"CODE_SIGN_IDENTITY[sdk=iphoneos*]" = "iPhone Developer";
				COPY_PHASE_STRIP = NO;
				DEBUG_INFORMATION_FORMAT = "dwarf-with-dsym";
				ENABLE_NS_ASSERTIONS = NO;
				ENABLE_STRICT_OBJC_MSGSEND = YES;
				GCC_C_LANGUAGE_STANDARD = gnu99;
				GCC_NO_COMMON_BLOCKS = YES;
				GCC_WARN_64_TO_32_BIT_CONVERSION = YES;
				GCC_WARN_ABOUT_RETURN_TYPE = YES_ERROR;
				GCC_WARN_UNDECLARED_SELECTOR = YES;
				GCC_WARN_UNINITIALIZED_AUTOS = YES_AGGRESSIVE;
				GCC_WARN_UNUSED_FUNCTION = YES;
				GCC_WARN_UNUSED_VARIABLE = YES;
				IPHONEOS_DEPLOYMENT_TARGET = 11.0;
				MTL_ENABLE_DEBUG_INFO = NO;
				SDKROOT = iphoneos;
				SUPPORTED_PLATFORMS = iphoneos;
				SWIFT_COMPILATION_MODE = wholemodule;
				SWIFT_OPTIMIZATION_LEVEL = "-O";
				TARGETED_DEVICE_FAMILY = "1,2";
				VALIDATE_PRODUCT = YES;
			};
			name = Release;
		};
		97C147061CF9000F007C117D /* Debug */ = {
			isa = XCBuildConfiguration;
			baseConfigurationReference = 9740EEB21CF90195004384FC /* Debug.xcconfig */;
			buildSettings = {
				ASSETCATALOG_COMPILER_APPICON_NAME = AppIcon;
				CLANG_ENABLE_MODULES = YES;
				CURRENT_PROJECT_VERSION = "$(FLUTTER_BUILD_NUMBER)";
				ENABLE_BITCODE = NO;
				INFOPLIST_FILE = Runner/Info.plist;
				IPHONEOS_DEPLOYMENT_TARGET = 12.0;
				LD_RUNPATH_SEARCH_PATHS = (
					"$(inherited)",
					"@executable_path/Frameworks",
				);
				PRODUCT_BUNDLE_IDENTIFIER = com.genexus.exampleSuperappExample;
				PRODUCT_NAME = "$(TARGET_NAME)";
				SWIFT_OBJC_BRIDGING_HEADER = "Runner/Runner-Bridging-Header.h";
				SWIFT_OPTIMIZATION_LEVEL = "-Onone";
				SWIFT_VERSION = 5.0;
				VERSIONING_SYSTEM = "apple-generic";
			};
			name = Debug;
		};
		97C147071CF9000F007C117D /* Release */ = {
			isa = XCBuildConfiguration;
			baseConfigurationReference = 7AFA3C8E1D35360C0083082E /* Release.xcconfig */;
			buildSettings = {
				ASSETCATALOG_COMPILER_APPICON_NAME = AppIcon;
				CLANG_ENABLE_MODULES = YES;
				CURRENT_PROJECT_VERSION = "$(FLUTTER_BUILD_NUMBER)";
				ENABLE_BITCODE = NO;
				INFOPLIST_FILE = Runner/Info.plist;
				IPHONEOS_DEPLOYMENT_TARGET = 12.0;
				LD_RUNPATH_SEARCH_PATHS = (
					"$(inherited)",
					"@executable_path/Frameworks",
				);
				PRODUCT_BUNDLE_IDENTIFIER = com.genexus.exampleSuperappExample;
				PRODUCT_NAME = "$(TARGET_NAME)";
				SWIFT_OBJC_BRIDGING_HEADER = "Runner/Runner-Bridging-Header.h";
				SWIFT_VERSION = 5.0;
				VERSIONING_SYSTEM = "apple-generic";
			};
			name = Release;
		};
/* End XCBuildConfiguration section */

/* Begin XCConfigurationList section */
		97C146E91CF9000F007C117D /* Build configuration list for PBXProject "Runner" */ = {
			isa = XCConfigurationList;
			buildConfigurations = (
				97C147031CF9000F007C117D /* Debug */,
				97C147041CF9000F007C117D /* Release */,
				249021D3217E4FDB00AE95B9 /* Profile */,
			);
			defaultConfigurationIsVisible = 0;
			defaultConfigurationName = Release;
		};
		97C147051CF9000F007C117D /* Build configuration list for PBXNativeTarget "Runner" */ = {
			isa = XCConfigurationList;
			buildConfigurations = (
				97C147061CF9000F007C117D /* Debug */,
				97C147071CF9000F007C117D /* Release */,
				249021D4217E4FDB00AE95B9 /* Profile */,
			);
			defaultConfigurationIsVisible = 0;
			defaultConfigurationName = Release;
		};
/* End XCConfigurationList section */
	};
	rootObject = 97C146E61CF9000F007C117D /* Project object */;
}
