// !$*UTF8*$!
{
	archiveVersion = 1;
	classes = {
	};
	objectVersion = 54;
	objects = {

/* Begin PBXBuildFile section */
		2B1EDFC42AA11282006D6673 /* GXUIApplication in Frameworks */ = {isa = PBXBuildFile; productRef = 2B1EDFC32AA11282006D6673 /* GXUIApplication */; };
		2B1EDFCA2AA11345006D6673 /* GXSuperApp in Frameworks */ = {isa = PBXBuildFile; productRef = 2B1EDFC92AA11345006D6673 /* GXSuperApp */; };
		2B1EDFCD2AA11384006D6673 /* GXUIApplication in Frameworks */ = {isa = PBXBuildFile; productRef = 2B1EDFCC2AA11384006D6673 /* GXUIApplication */; };
		2B1EDFD12AA11384006D6673 /* GXSuperApp in Frameworks */ = {isa = PBXBuildFile; productRef = 2B1EDFD02AA11384006D6673 /* GXSuperApp */; };
		2B1EDFD42AA113BC006D6673 /* GXSuperAppSandbox in Frameworks */ = {isa = PBXBuildFile; productRef = 2B1EDFD32AA113BC006D6673 /* GXSuperAppSandbox */; };
		AE457F20293A7F1700CD9D83 /* ProvisioningViewController.swift in Sources */ = {isa = PBXBuildFile; fileRef = AE50801A2697504100926F54 /* ProvisioningViewController.swift */; };
		AE457F21293A7F1700CD9D83 /* AppDelegate.swift in Sources */ = {isa = PBXBuildFile; fileRef = AE5080162697504100926F54 /* AppDelegate.swift */; };
		AE457F23293A7F1700CD9D83 /* SampleExObjHandler.swift in Sources */ = {isa = PBXBuildFile; fileRef = AEEE718426DEC1780039C5E5 /* SampleExObjHandler.swift */; };
		AE457F24293A7F1700CD9D83 /* CacheViewController.swift in Sources */ = {isa = PBXBuildFile; fileRef = AE4BA5BD2795B85300286676 /* CacheViewController.swift */; };
		AE457F25293A7F1700CD9D83 /* SampleExObjLibrary.swift in Sources */ = {isa = PBXBuildFile; fileRef = AEEE718626DEC1780039C5E5 /* SampleExObjLibrary.swift */; };
		AE457F32293A7F1700CD9D83 /* LaunchScreen.storyboard in Resources */ = {isa = PBXBuildFile; fileRef = AE5080212697504200926F54 /* LaunchScreen.storyboard */; };
		AE457F33293A7F1700CD9D83 /* Assets.xcassets in Resources */ = {isa = PBXBuildFile; fileRef = AE50801F2697504200926F54 /* Assets.xcassets */; };
		AE457F34293A7F1700CD9D83 /* Main.storyboard in Resources */ = {isa = PBXBuildFile; fileRef = AE50801C2697504100926F54 /* Main.storyboard */; };
		AE457F35293A7F1700CD9D83 /* superapp.crt in Resources */ = {isa = PBXBuildFile; fileRef = AE4BA53127958A5D00286676 /* superapp.crt */; };
		AE4BA53227958A5D00286676 /* superapp.crt in Resources */ = {isa = PBXBuildFile; fileRef = AE4BA53127958A5D00286676 /* superapp.crt */; };
		AE4BA5BE2795B85300286676 /* CacheViewController.swift in Sources */ = {isa = PBXBuildFile; fileRef = AE4BA5BD2795B85300286676 /* CacheViewController.swift */; };
		AE5080172697504100926F54 /* AppDelegate.swift in Sources */ = {isa = PBXBuildFile; fileRef = AE5080162697504100926F54 /* AppDelegate.swift */; };
		AE50801B2697504100926F54 /* ProvisioningViewController.swift in Sources */ = {isa = PBXBuildFile; fileRef = AE50801A2697504100926F54 /* ProvisioningViewController.swift */; };
		AE50801E2697504100926F54 /* Main.storyboard in Resources */ = {isa = PBXBuildFile; fileRef = AE50801C2697504100926F54 /* Main.storyboard */; };
		AE5080202697504200926F54 /* Assets.xcassets in Resources */ = {isa = PBXBuildFile; fileRef = AE50801F2697504200926F54 /* Assets.xcassets */; };
		AE5080232697504200926F54 /* LaunchScreen.storyboard in Resources */ = {isa = PBXBuildFile; fileRef = AE5080212697504200926F54 /* LaunchScreen.storyboard */; };
		AEC2C5C92AAA17E900DB9755 /* GXDataLayerRemote in Frameworks */ = {isa = PBXBuildFile; productRef = AEC2C5C82AAA17E900DB9755 /* GXDataLayerRemote */; };
		AEC2C5CB2AAA180900DB9755 /* GXDataLayerRemote in Frameworks */ = {isa = PBXBuildFile; productRef = AEC2C5CA2AAA180900DB9755 /* GXDataLayerRemote */; };
		AEEE718726DEC1850039C5E5 /* SampleExObjHandler.swift in Sources */ = {isa = PBXBuildFile; fileRef = AEEE718426DEC1780039C5E5 /* SampleExObjHandler.swift */; };
		AEEE718826DEC1880039C5E5 /* SampleExObjLibrary.swift in Sources */ = {isa = PBXBuildFile; fileRef = AEEE718626DEC1780039C5E5 /* SampleExObjLibrary.swift */; };
/* End PBXBuildFile section */

/* Begin PBXCopyFilesBuildPhase section */
		AE457F36293A7F1700CD9D83 /* Embed Frameworks */ = {
			isa = PBXCopyFilesBuildPhase;
			buildActionMask = 2147483647;
			dstPath = "";
			dstSubfolderSpec = 10;
			files = (
			);
			name = "Embed Frameworks";
			runOnlyForDeploymentPostprocessing = 0;
		};
		AE5080DA269756DD00926F54 /* Embed Frameworks */ = {
			isa = PBXCopyFilesBuildPhase;
			buildActionMask = 2147483647;
			dstPath = "";
			dstSubfolderSpec = 10;
			files = (
			);
			name = "Embed Frameworks";
			runOnlyForDeploymentPostprocessing = 0;
		};
/* End PBXCopyFilesBuildPhase section */

/* Begin PBXFileReference section */
		AE457F44293A7F1700CD9D83 /* ExampleSuperAppSandbox.app */ = {isa = PBXFileReference; explicitFileType = wrapper.application; includeInIndex = 0; path = ExampleSuperAppSandbox.app; sourceTree = BUILT_PRODUCTS_DIR; };
		AE457F45293A7F1700CD9D83 /* Sandbox-Info.plist */ = {isa = PBXFileReference; lastKnownFileType = text.plist.xml; name = "Sandbox-Info.plist"; path = "../Sandbox-Info.plist"; sourceTree = "<group>"; };
		AE4BA53127958A5D00286676 /* superapp.crt */ = {isa = PBXFileReference; fileEncoding = 4; lastKnownFileType = text; path = superapp.crt; sourceTree = "<group>"; };
		AE4BA5BD2795B85300286676 /* CacheViewController.swift */ = {isa = PBXFileReference; lastKnownFileType = sourcecode.swift; path = CacheViewController.swift; sourceTree = "<group>"; };
		AE5080132697504100926F54 /* ExampleSuperApp.app */ = {isa = PBXFileReference; explicitFileType = wrapper.application; includeInIndex = 0; path = ExampleSuperApp.app; sourceTree = BUILT_PRODUCTS_DIR; };
		AE5080162697504100926F54 /* AppDelegate.swift */ = {isa = PBXFileReference; lastKnownFileType = sourcecode.swift; path = AppDelegate.swift; sourceTree = "<group>"; };
		AE50801A2697504100926F54 /* ProvisioningViewController.swift */ = {isa = PBXFileReference; lastKnownFileType = sourcecode.swift; path = ProvisioningViewController.swift; sourceTree = "<group>"; };
		AE50801D2697504100926F54 /* Base */ = {isa = PBXFileReference; lastKnownFileType = file.storyboard; name = Base; path = Base.lproj/Main.storyboard; sourceTree = "<group>"; };
		AE50801F2697504200926F54 /* Assets.xcassets */ = {isa = PBXFileReference; lastKnownFileType = folder.assetcatalog; path = Assets.xcassets; sourceTree = "<group>"; };
		AE5080222697504200926F54 /* Base */ = {isa = PBXFileReference; lastKnownFileType = file.storyboard; name = Base; path = Base.lproj/LaunchScreen.storyboard; sourceTree = "<group>"; };
		AE5080242697504200926F54 /* Info.plist */ = {isa = PBXFileReference; lastKnownFileType = text.plist.xml; path = Info.plist; sourceTree = "<group>"; };
		AEA799C22A20C896001511C6 /* Logging.md */ = {isa = PBXFileReference; lastKnownFileType = net.daringfireball.markdown; path = Logging.md; sourceTree = "<group>"; };
		AEE860AF2A20D02E0013C7ED /* Crashlytics.md */ = {isa = PBXFileReference; lastKnownFileType = net.daringfireball.markdown; path = Crashlytics.md; sourceTree = "<group>"; };
		AEE860B02A20D0350013C7ED /* GXFirebaseCrashAnalyticsService.swift */ = {isa = PBXFileReference; lastKnownFileType = sourcecode.swift; path = GXFirebaseCrashAnalyticsService.swift; sourceTree = "<group>"; };
		AEEE718426DEC1780039C5E5 /* SampleExObjHandler.swift */ = {isa = PBXFileReference; lastKnownFileType = sourcecode.swift; path = SampleExObjHandler.swift; sourceTree = "<group>"; };
		AEEE718526DEC1780039C5E5 /* README.md */ = {isa = PBXFileReference; lastKnownFileType = net.daringfireball.markdown; path = README.md; sourceTree = "<group>"; };
		AEEE718626DEC1780039C5E5 /* SampleExObjLibrary.swift */ = {isa = PBXFileReference; lastKnownFileType = sourcecode.swift; path = SampleExObjLibrary.swift; sourceTree = "<group>"; };
		AEEE718A26DEC9D20039C5E5 /* README.md */ = {isa = PBXFileReference; lastKnownFileType = net.daringfireball.markdown; path = README.md; sourceTree = "<group>"; };
		AEFB723727A2EFD8005324FB /* README.md */ = {isa = PBXFileReference; lastKnownFileType = net.daringfireball.markdown; path = README.md; sourceTree = "<group>"; };
/* End PBXFileReference section */

/* Begin PBXFrameworksBuildPhase section */
		AE457F26293A7F1700CD9D83 /* Frameworks */ = {
			isa = PBXFrameworksBuildPhase;
			buildActionMask = 2147483647;
			files = (
				2B1EDFD12AA11384006D6673 /* GXSuperApp in Frameworks */,
				2B1EDFCD2AA11384006D6673 /* GXUIApplication in Frameworks */,
				2B1EDFD42AA113BC006D6673 /* GXSuperAppSandbox in Frameworks */,
				AEC2C5CB2AAA180900DB9755 /* GXDataLayerRemote in Frameworks */,
			);
			runOnlyForDeploymentPostprocessing = 0;
		};
		AE5080102697504100926F54 /* Frameworks */ = {
			isa = PBXFrameworksBuildPhase;
			buildActionMask = 2147483647;
			files = (
				2B1EDFC42AA11282006D6673 /* GXUIApplication in Frameworks */,
				AEC2C5C92AAA17E900DB9755 /* GXDataLayerRemote in Frameworks */,
				2B1EDFCA2AA11345006D6673 /* GXSuperApp in Frameworks */,
			);
			runOnlyForDeploymentPostprocessing = 0;
		};
/* End PBXFrameworksBuildPhase section */

/* Begin PBXGroup section */
		2B1EDFCB2AA11384006D6673 /* Frameworks */ = {
			isa = PBXGroup;
			children = (
			);
			name = Frameworks;
			sourceTree = "<group>";
		};
		AE50800A2697504100926F54 = {
			isa = PBXGroup;
			children = (
				AEFB723727A2EFD8005324FB /* README.md */,
				AEA799C22A20C896001511C6 /* Logging.md */,
				AE5080152697504100926F54 /* ExampleSuperApp */,
				AEEE718326DEC1780039C5E5 /* SampleExternalObject */,
				AEE860AE2A20CFDE0013C7ED /* CrashAnalytics */,
				AE5080B52697557A00926F54 /* GeneXus Frameworks */,
				AE5080142697504100926F54 /* Products */,
				2B1EDFCB2AA11384006D6673 /* Frameworks */,
			);
			sourceTree = "<group>";
		};
		AE5080142697504100926F54 /* Products */ = {
			isa = PBXGroup;
			children = (
				AE5080132697504100926F54 /* ExampleSuperApp.app */,
				AE457F44293A7F1700CD9D83 /* ExampleSuperAppSandbox.app */,
			);
			name = Products;
			sourceTree = "<group>";
		};
		AE5080152697504100926F54 /* ExampleSuperApp */ = {
			isa = PBXGroup;
			children = (
				AE5080162697504100926F54 /* AppDelegate.swift */,
				AE50801A2697504100926F54 /* ProvisioningViewController.swift */,
				AE4BA5BD2795B85300286676 /* CacheViewController.swift */,
				AE4BA53127958A5D00286676 /* superapp.crt */,
				AE50801C2697504100926F54 /* Main.storyboard */,
				AE50801F2697504200926F54 /* Assets.xcassets */,
				AE5080212697504200926F54 /* LaunchScreen.storyboard */,
				AE5080242697504200926F54 /* Info.plist */,
				AE457F45293A7F1700CD9D83 /* Sandbox-Info.plist */,
			);
			path = ExampleSuperApp;
			sourceTree = "<group>";
		};
		AE5080B52697557A00926F54 /* GeneXus Frameworks */ = {
			isa = PBXGroup;
			children = (
				AEEE718A26DEC9D20039C5E5 /* README.md */,
			);
			path = "GeneXus Frameworks";
			sourceTree = "<group>";
		};
		AEE860AE2A20CFDE0013C7ED /* CrashAnalytics */ = {
			isa = PBXGroup;
			children = (
				AEE860AF2A20D02E0013C7ED /* Crashlytics.md */,
				AEE860B02A20D0350013C7ED /* GXFirebaseCrashAnalyticsService.swift */,
			);
			path = CrashAnalytics;
			sourceTree = "<group>";
		};
		AEEE718326DEC1780039C5E5 /* SampleExternalObject */ = {
			isa = PBXGroup;
			children = (
				AEEE718526DEC1780039C5E5 /* README.md */,
				AEEE718426DEC1780039C5E5 /* SampleExObjHandler.swift */,
				AEEE718626DEC1780039C5E5 /* SampleExObjLibrary.swift */,
			);
			path = SampleExternalObject;
			sourceTree = SOURCE_ROOT;
		};
/* End PBXGroup section */

/* Begin PBXNativeTarget section */
		AE457F1E293A7F1700CD9D83 /* ExampleSuperAppSandbox */ = {
			isa = PBXNativeTarget;
			buildConfigurationList = AE457F41293A7F1700CD9D83 /* Build configuration list for PBXNativeTarget "ExampleSuperAppSandbox" */;
			buildPhases = (
				AE457F1F293A7F1700CD9D83 /* Sources */,
				AE457F26293A7F1700CD9D83 /* Frameworks */,
				AE457F31293A7F1700CD9D83 /* Resources */,
				AE457F36293A7F1700CD9D83 /* Embed Frameworks */,
			);
			buildRules = (
			);
			dependencies = (
			);
			name = ExampleSuperAppSandbox;
			packageProductDependencies = (
				2B1EDFCC2AA11384006D6673 /* GXUIApplication */,
				2B1EDFD02AA11384006D6673 /* GXSuperApp */,
				2B1EDFD32AA113BC006D6673 /* GXSuperAppSandbox */,
				AEC2C5CA2AAA180900DB9755 /* GXDataLayerRemote */,
			);
			productName = ExampleSuperApp;
			productReference = AE457F44293A7F1700CD9D83 /* ExampleSuperAppSandbox.app */;
			productType = "com.apple.product-type.application";
		};
		AE5080122697504100926F54 /* ExampleSuperApp */ = {
			isa = PBXNativeTarget;
			buildConfigurationList = AE5080272697504200926F54 /* Build configuration list for PBXNativeTarget "ExampleSuperApp" */;
			buildPhases = (
				AE50800F2697504100926F54 /* Sources */,
				AE5080102697504100926F54 /* Frameworks */,
				AE5080112697504100926F54 /* Resources */,
				AE5080DA269756DD00926F54 /* Embed Frameworks */,
			);
			buildRules = (
			);
			dependencies = (
			);
			name = ExampleSuperApp;
			packageProductDependencies = (
				2B1EDFC32AA11282006D6673 /* GXUIApplication */,
				2B1EDFC92AA11345006D6673 /* GXSuperApp */,
				AEC2C5C82AAA17E900DB9755 /* GXDataLayerRemote */,
			);
			productName = ExampleSuperApp;
			productReference = AE5080132697504100926F54 /* ExampleSuperApp.app */;
			productType = "com.apple.product-type.application";
		};
/* End PBXNativeTarget section */

/* Begin PBXProject section */
		AE50800B2697504100926F54 /* Project object */ = {
			isa = PBXProject;
			attributes = {
				LastSwiftUpdateCheck = 1250;
				LastUpgradeCheck = 1250;
				TargetAttributes = {
					AE5080122697504100926F54 = {
						CreatedOnToolsVersion = 12.5.1;
					};
				};
			};
			buildConfigurationList = AE50800E2697504100926F54 /* Build configuration list for PBXProject "ExampleSuperApp" */;
			compatibilityVersion = "Xcode 9.3";
			developmentRegion = en;
			hasScannedForEncodings = 0;
			knownRegions = (
				en,
				Base,
			);
			mainGroup = AE50800A2697504100926F54;
			packageReferences = (
				2B1EDFC22AA11282006D6673 /* XCRemoteSwiftPackageReference "GXUIApplication" */,
				2B1EDFC82AA11345006D6673 /* XCRemoteSwiftPackageReference "GXSuperApp" */,
				2B1EDFD22AA113BC006D6673 /* XCRemoteSwiftPackageReference "GXSuperAppSandbox" */,
				AEC2C5C72AAA17E900DB9755 /* XCRemoteSwiftPackageReference "GXDataLayerRemote" */,
				9381BE8D2CE372480052671D /* XCRemoteSwiftPackageReference "GXGAMUI" */,
			);
			productRefGroup = AE5080142697504100926F54 /* Products */;
			projectDirPath = "";
			projectRoot = "";
			targets = (
				AE5080122697504100926F54 /* ExampleSuperApp */,
				AE457F1E293A7F1700CD9D83 /* ExampleSuperAppSandbox */,
			);
		};
/* End PBXProject section */

/* Begin PBXResourcesBuildPhase section */
		AE457F31293A7F1700CD9D83 /* Resources */ = {
			isa = PBXResourcesBuildPhase;
			buildActionMask = 2147483647;
			files = (
				AE457F32293A7F1700CD9D83 /* LaunchScreen.storyboard in Resources */,
				AE457F33293A7F1700CD9D83 /* Assets.xcassets in Resources */,
				AE457F34293A7F1700CD9D83 /* Main.storyboard in Resources */,
				AE457F35293A7F1700CD9D83 /* superapp.crt in Resources */,
			);
			runOnlyForDeploymentPostprocessing = 0;
		};
		AE5080112697504100926F54 /* Resources */ = {
			isa = PBXResourcesBuildPhase;
			buildActionMask = 2147483647;
			files = (
				AE5080232697504200926F54 /* LaunchScreen.storyboard in Resources */,
				AE5080202697504200926F54 /* Assets.xcassets in Resources */,
				AE50801E2697504100926F54 /* Main.storyboard in Resources */,
				AE4BA53227958A5D00286676 /* superapp.crt in Resources */,
			);
			runOnlyForDeploymentPostprocessing = 0;
		};
/* End PBXResourcesBuildPhase section */

/* Begin PBXSourcesBuildPhase section */
		AE457F1F293A7F1700CD9D83 /* Sources */ = {
			isa = PBXSourcesBuildPhase;
			buildActionMask = 2147483647;
			files = (
				AE457F20293A7F1700CD9D83 /* ProvisioningViewController.swift in Sources */,
				AE457F21293A7F1700CD9D83 /* AppDelegate.swift in Sources */,
				AE457F23293A7F1700CD9D83 /* SampleExObjHandler.swift in Sources */,
				AE457F24293A7F1700CD9D83 /* CacheViewController.swift in Sources */,
				AE457F25293A7F1700CD9D83 /* SampleExObjLibrary.swift in Sources */,
			);
			runOnlyForDeploymentPostprocessing = 0;
		};
		AE50800F2697504100926F54 /* Sources */ = {
			isa = PBXSourcesBuildPhase;
			buildActionMask = 2147483647;
			files = (
				AE50801B2697504100926F54 /* ProvisioningViewController.swift in Sources */,
				AE5080172697504100926F54 /* AppDelegate.swift in Sources */,
				AEEE718726DEC1850039C5E5 /* SampleExObjHandler.swift in Sources */,
				AE4BA5BE2795B85300286676 /* CacheViewController.swift in Sources */,
				AEEE718826DEC1880039C5E5 /* SampleExObjLibrary.swift in Sources */,
			);
			runOnlyForDeploymentPostprocessing = 0;
		};
/* End PBXSourcesBuildPhase section */

/* Begin PBXVariantGroup section */
		AE50801C2697504100926F54 /* Main.storyboard */ = {
			isa = PBXVariantGroup;
			children = (
				AE50801D2697504100926F54 /* Base */,
			);
			name = Main.storyboard;
			sourceTree = "<group>";
		};
		AE5080212697504200926F54 /* LaunchScreen.storyboard */ = {
			isa = PBXVariantGroup;
			children = (
				AE5080222697504200926F54 /* Base */,
			);
			name = LaunchScreen.storyboard;
			sourceTree = "<group>";
		};
/* End PBXVariantGroup section */

/* Begin XCBuildConfiguration section */
		AE457F42293A7F1700CD9D83 /* Debug */ = {
			isa = XCBuildConfiguration;
			buildSettings = {
				ASSETCATALOG_COMPILER_APPICON_NAME = AppIcon;
				ASSETCATALOG_COMPILER_GLOBAL_ACCENT_COLOR_NAME = AccentColor;
				CODE_SIGN_STYLE = Automatic;
				DEVELOPMENT_TEAM = "";
				FRAMEWORK_SEARCH_PATHS = "$(inherited)";
				INFOPLIST_FILE = "Sandbox-Info.plist";
				IPHONEOS_DEPLOYMENT_TARGET = 13.0;
				LD_RUNPATH_SEARCH_PATHS = (
					"$(inherited)",
					"@executable_path/Frameworks",
				);
				PRODUCT_BUNDLE_IDENTIFIER = com.genexus.ExampleSuperApp;
				PRODUCT_NAME = "$(TARGET_NAME)";
				SWIFT_ACTIVE_COMPILATION_CONDITIONS = "DEBUG SUPERAPPSANDBOX";
				SWIFT_VERSION = 5.0;
				TARGETED_DEVICE_FAMILY = "1,2";
			};
			name = Debug;
		};
		AE457F43293A7F1700CD9D83 /* Release */ = {
			isa = XCBuildConfiguration;
			buildSettings = {
				ASSETCATALOG_COMPILER_APPICON_NAME = AppIcon;
				ASSETCATALOG_COMPILER_GLOBAL_ACCENT_COLOR_NAME = AccentColor;
				CODE_SIGN_STYLE = Automatic;
				DEVELOPMENT_TEAM = "";
				FRAMEWORK_SEARCH_PATHS = "$(inherited)";
				INFOPLIST_FILE = "Sandbox-Info.plist";
				IPHONEOS_DEPLOYMENT_TARGET = 13.0;
				LD_RUNPATH_SEARCH_PATHS = (
					"$(inherited)",
					"@executable_path/Frameworks",
				);
				PRODUCT_BUNDLE_IDENTIFIER = com.genexus.ExampleSuperApp;
				PRODUCT_NAME = "$(TARGET_NAME)";
				SWIFT_ACTIVE_COMPILATION_CONDITIONS = SUPERAPPSANDBOX;
				SWIFT_VERSION = 5.0;
				TARGETED_DEVICE_FAMILY = "1,2";
			};
			name = Release;
		};
		AE5080252697504200926F54 /* Debug */ = {
			isa = XCBuildConfiguration;
			buildSettings = {
				ALWAYS_SEARCH_USER_PATHS = NO;
				CLANG_ANALYZER_NONNULL = YES;
				CLANG_ANALYZER_NUMBER_OBJECT_CONVERSION = YES_AGGRESSIVE;
				CLANG_CXX_LANGUAGE_STANDARD = "gnu++14";
				CLANG_CXX_LIBRARY = "libc++";
				CLANG_ENABLE_MODULES = YES;
				CLANG_ENABLE_OBJC_ARC = YES;
				CLANG_ENABLE_OBJC_WEAK = YES;
				CLANG_WARN_BLOCK_CAPTURE_AUTORELEASING = YES;
				CLANG_WARN_BOOL_CONVERSION = YES;
				CLANG_WARN_COMMA = YES;
				CLANG_WARN_CONSTANT_CONVERSION = YES;
				CLANG_WARN_DEPRECATED_OBJC_IMPLEMENTATIONS = YES;
				CLANG_WARN_DIRECT_OBJC_ISA_USAGE = YES_ERROR;
				CLANG_WARN_DOCUMENTATION_COMMENTS = YES;
				CLANG_WARN_EMPTY_BODY = YES;
				CLANG_WARN_ENUM_CONVERSION = YES;
				CLANG_WARN_INFINITE_RECURSION = YES;
				CLANG_WARN_INT_CONVERSION = YES;
				CLANG_WARN_NON_LITERAL_NULL_CONVERSION = YES;
				CLANG_WARN_OBJC_IMPLICIT_RETAIN_SELF = YES;
				CLANG_WARN_OBJC_LITERAL_CONVERSION = YES;
				CLANG_WARN_OBJC_ROOT_CLASS = YES_ERROR;
				CLANG_WARN_QUOTED_INCLUDE_IN_FRAMEWORK_HEADER = YES;
				CLANG_WARN_RANGE_LOOP_ANALYSIS = YES;
				CLANG_WARN_STRICT_PROTOTYPES = YES;
				CLANG_WARN_SUSPICIOUS_MOVE = YES;
				CLANG_WARN_UNGUARDED_AVAILABILITY = YES_AGGRESSIVE;
				CLANG_WARN_UNREACHABLE_CODE = YES;
				CLANG_WARN__DUPLICATE_METHOD_MATCH = YES;
				COPY_PHASE_STRIP = NO;
				DEBUG_INFORMATION_FORMAT = dwarf;
				ENABLE_STRICT_OBJC_MSGSEND = YES;
				ENABLE_TESTABILITY = YES;
				GCC_C_LANGUAGE_STANDARD = gnu11;
				GCC_DYNAMIC_NO_PIC = NO;
				GCC_NO_COMMON_BLOCKS = YES;
				GCC_OPTIMIZATION_LEVEL = 0;
				GCC_PREPROCESSOR_DEFINITIONS = (
					"DEBUG=1",
					"$(inherited)",
				);
				GCC_WARN_64_TO_32_BIT_CONVERSION = YES;
				GCC_WARN_ABOUT_RETURN_TYPE = YES_ERROR;
				GCC_WARN_UNDECLARED_SELECTOR = YES;
				GCC_WARN_UNINITIALIZED_AUTOS = YES_AGGRESSIVE;
				GCC_WARN_UNUSED_FUNCTION = YES;
				GCC_WARN_UNUSED_VARIABLE = YES;
				MTL_ENABLE_DEBUG_INFO = INCLUDE_SOURCE;
				MTL_FAST_MATH = YES;
				ONLY_ACTIVE_ARCH = YES;
				SDKROOT = iphoneos;
				SWIFT_ACTIVE_COMPILATION_CONDITIONS = DEBUG;
				SWIFT_OPTIMIZATION_LEVEL = "-Onone";
			};
			name = Debug;
		};
		AE5080262697504200926F54 /* Release */ = {
			isa = XCBuildConfiguration;
			buildSettings = {
				ALWAYS_SEARCH_USER_PATHS = NO;
				CLANG_ANALYZER_NONNULL = YES;
				CLANG_ANALYZER_NUMBER_OBJECT_CONVERSION = YES_AGGRESSIVE;
				CLANG_CXX_LANGUAGE_STANDARD = "gnu++14";
				CLANG_CXX_LIBRARY = "libc++";
				CLANG_ENABLE_MODULES = YES;
				CLANG_ENABLE_OBJC_ARC = YES;
				CLANG_ENABLE_OBJC_WEAK = YES;
				CLANG_WARN_BLOCK_CAPTURE_AUTORELEASING = YES;
				CLANG_WARN_BOOL_CONVERSION = YES;
				CLANG_WARN_COMMA = YES;
				CLANG_WARN_CONSTANT_CONVERSION = YES;
				CLANG_WARN_DEPRECATED_OBJC_IMPLEMENTATIONS = YES;
				CLANG_WARN_DIRECT_OBJC_ISA_USAGE = YES_ERROR;
				CLANG_WARN_DOCUMENTATION_COMMENTS = YES;
				CLANG_WARN_EMPTY_BODY = YES;
				CLANG_WARN_ENUM_CONVERSION = YES;
				CLANG_WARN_INFINITE_RECURSION = YES;
				CLANG_WARN_INT_CONVERSION = YES;
				CLANG_WARN_NON_LITERAL_NULL_CONVERSION = YES;
				CLANG_WARN_OBJC_IMPLICIT_RETAIN_SELF = YES;
				CLANG_WARN_OBJC_LITERAL_CONVERSION = YES;
				CLANG_WARN_OBJC_ROOT_CLASS = YES_ERROR;
				CLANG_WARN_QUOTED_INCLUDE_IN_FRAMEWORK_HEADER = YES;
				CLANG_WARN_RANGE_LOOP_ANALYSIS = YES;
				CLANG_WARN_STRICT_PROTOTYPES = YES;
				CLANG_WARN_SUSPICIOUS_MOVE = YES;
				CLANG_WARN_UNGUARDED_AVAILABILITY = YES_AGGRESSIVE;
				CLANG_WARN_UNREACHABLE_CODE = YES;
				CLANG_WARN__DUPLICATE_METHOD_MATCH = YES;
				COPY_PHASE_STRIP = NO;
				DEBUG_INFORMATION_FORMAT = "dwarf-with-dsym";
				ENABLE_NS_ASSERTIONS = NO;
				ENABLE_STRICT_OBJC_MSGSEND = YES;
				GCC_C_LANGUAGE_STANDARD = gnu11;
				GCC_NO_COMMON_BLOCKS = YES;
				GCC_WARN_64_TO_32_BIT_CONVERSION = YES;
				GCC_WARN_ABOUT_RETURN_TYPE = YES_ERROR;
				GCC_WARN_UNDECLARED_SELECTOR = YES;
				GCC_WARN_UNINITIALIZED_AUTOS = YES_AGGRESSIVE;
				GCC_WARN_UNUSED_FUNCTION = YES;
				GCC_WARN_UNUSED_VARIABLE = YES;
				MTL_ENABLE_DEBUG_INFO = NO;
				MTL_FAST_MATH = YES;
				SDKROOT = iphoneos;
				SWIFT_COMPILATION_MODE = wholemodule;
				SWIFT_OPTIMIZATION_LEVEL = "-O";
				VALIDATE_PRODUCT = YES;
			};
			name = Release;
		};
		AE5080282697504200926F54 /* Debug */ = {
			isa = XCBuildConfiguration;
			buildSettings = {
				ASSETCATALOG_COMPILER_APPICON_NAME = AppIcon;
				ASSETCATALOG_COMPILER_GLOBAL_ACCENT_COLOR_NAME = AccentColor;
				CODE_SIGN_STYLE = Automatic;
				DEVELOPMENT_TEAM = "";
				FRAMEWORK_SEARCH_PATHS = "$(inherited)";
				INFOPLIST_FILE = ExampleSuperApp/Info.plist;
				IPHONEOS_DEPLOYMENT_TARGET = 13.0;
				LD_RUNPATH_SEARCH_PATHS = (
					"$(inherited)",
					"@executable_path/Frameworks",
				);
				PRODUCT_BUNDLE_IDENTIFIER = com.genexus.ExampleSuperApp;
				PRODUCT_NAME = "$(TARGET_NAME)";
				SWIFT_VERSION = 5.0;
				TARGETED_DEVICE_FAMILY = "1,2";
			};
			name = Debug;
		};
		AE5080292697504200926F54 /* Release */ = {
			isa = XCBuildConfiguration;
			buildSettings = {
				ASSETCATALOG_COMPILER_APPICON_NAME = AppIcon;
				ASSETCATALOG_COMPILER_GLOBAL_ACCENT_COLOR_NAME = AccentColor;
				CODE_SIGN_STYLE = Automatic;
				DEVELOPMENT_TEAM = "";
				FRAMEWORK_SEARCH_PATHS = "$(inherited)";
				INFOPLIST_FILE = ExampleSuperApp/Info.plist;
				IPHONEOS_DEPLOYMENT_TARGET = 13.0;
				LD_RUNPATH_SEARCH_PATHS = (
					"$(inherited)",
					"@executable_path/Frameworks",
				);
				PRODUCT_BUNDLE_IDENTIFIER = com.genexus.ExampleSuperApp;
				PRODUCT_NAME = "$(TARGET_NAME)";
				SWIFT_VERSION = 5.0;
				TARGETED_DEVICE_FAMILY = "1,2";
			};
			name = Release;
		};
/* End XCBuildConfiguration section */

/* Begin XCConfigurationList section */
		AE457F41293A7F1700CD9D83 /* Build configuration list for PBXNativeTarget "ExampleSuperAppSandbox" */ = {
			isa = XCConfigurationList;
			buildConfigurations = (
				AE457F42293A7F1700CD9D83 /* Debug */,
				AE457F43293A7F1700CD9D83 /* Release */,
			);
			defaultConfigurationIsVisible = 0;
			defaultConfigurationName = Release;
		};
		AE50800E2697504100926F54 /* Build configuration list for PBXProject "ExampleSuperApp" */ = {
			isa = XCConfigurationList;
			buildConfigurations = (
				AE5080252697504200926F54 /* Debug */,
				AE5080262697504200926F54 /* Release */,
			);
			defaultConfigurationIsVisible = 0;
			defaultConfigurationName = Release;
		};
		AE5080272697504200926F54 /* Build configuration list for PBXNativeTarget "ExampleSuperApp" */ = {
			isa = XCConfigurationList;
			buildConfigurations = (
				AE5080282697504200926F54 /* Debug */,
				AE5080292697504200926F54 /* Release */,
			);
			defaultConfigurationIsVisible = 0;
			defaultConfigurationName = Release;
		};
/* End XCConfigurationList section */

/* Begin XCRemoteSwiftPackageReference section */
		2B1EDFC22AA11282006D6673 /* XCRemoteSwiftPackageReference "GXUIApplication" */ = {
			isa = XCRemoteSwiftPackageReference;
			repositoryURL = "https://github.com/GeneXus-SwiftPackages/GXUIApplication.git";
			requirement = {
				kind = upToNextMinorVersion;
				minimumVersion = 3.0.0;
			};
		};
		2B1EDFC82AA11345006D6673 /* XCRemoteSwiftPackageReference "GXSuperApp" */ = {
			isa = XCRemoteSwiftPackageReference;
			repositoryURL = "https://github.com/GeneXus-SwiftPackages/GXSuperApp.git";
			requirement = {
				kind = upToNextMinorVersion;
				minimumVersion = 3.0.0;
			};
		};
		2B1EDFD22AA113BC006D6673 /* XCRemoteSwiftPackageReference "GXSuperAppSandbox" */ = {
			isa = XCRemoteSwiftPackageReference;
			repositoryURL = "https://github.com/GeneXus-SwiftPackages/GXSuperAppSandbox.git";
			requirement = {
				kind = upToNextMinorVersion;
				minimumVersion = 3.0.0;
			};
		};
		9381BE8D2CE372480052671D /* XCRemoteSwiftPackageReference "GXGAMUI" */ = {
			isa = XCRemoteSwiftPackageReference;
			repositoryURL = "https://github.com/GeneXus-SwiftPackages/GXGAMUI.git";
			requirement = {
				kind = upToNextMinorVersion;
				minimumVersion = 3.0.0;
			};
		};
		AEC2C5C72AAA17E900DB9755 /* XCRemoteSwiftPackageReference "GXDataLayerRemote" */ = {
			isa = XCRemoteSwiftPackageReference;
			repositoryURL = "https://github.com/GeneXus-SwiftPackages/GXDataLayerRemote.git";
			requirement = {
				kind = upToNextMinorVersion;
				minimumVersion = 3.0.0;
			};
		};
/* End XCRemoteSwiftPackageReference section */

/* Begin XCSwiftPackageProductDependency section */
		2B1EDFC32AA11282006D6673 /* GXUIApplication */ = {
			isa = XCSwiftPackageProductDependency;
			package = 2B1EDFC22AA11282006D6673 /* XCRemoteSwiftPackageReference "GXUIApplication" */;
			productName = GXUIApplication;
		};
		2B1EDFC92AA11345006D6673 /* GXSuperApp */ = {
			isa = XCSwiftPackageProductDependency;
			package = 2B1EDFC82AA11345006D6673 /* XCRemoteSwiftPackageReference "GXSuperApp" */;
			productName = GXSuperApp;
		};
		2B1EDFCC2AA11384006D6673 /* GXUIApplication */ = {
			isa = XCSwiftPackageProductDependency;
			package = 2B1EDFC22AA11282006D6673 /* XCRemoteSwiftPackageReference "GXUIApplication" */;
			productName = GXUIApplication;
		};
		2B1EDFD02AA11384006D6673 /* GXSuperApp */ = {
			isa = XCSwiftPackageProductDependency;
			package = 2B1EDFC82AA11345006D6673 /* XCRemoteSwiftPackageReference "GXSuperApp" */;
			productName = GXSuperApp;
		};
		2B1EDFD32AA113BC006D6673 /* GXSuperAppSandbox */ = {
			isa = XCSwiftPackageProductDependency;
			package = 2B1EDFD22AA113BC006D6673 /* XCRemoteSwiftPackageReference "GXSuperAppSandbox" */;
			productName = GXSuperAppSandbox;
		};
		AEC2C5C82AAA17E900DB9755 /* GXDataLayerRemote */ = {
			isa = XCSwiftPackageProductDependency;
			package = AEC2C5C72AAA17E900DB9755 /* XCRemoteSwiftPackageReference "GXDataLayerRemote" */;
			productName = GXDataLayerRemote;
		};
		AEC2C5CA2AAA180900DB9755 /* GXDataLayerRemote */ = {
			isa = XCSwiftPackageProductDependency;
			package = AEC2C5C72AAA17E900DB9755 /* XCRemoteSwiftPackageReference "GXDataLayerRemote" */;
			productName = GXDataLayerRemote;
		};
/* End XCSwiftPackageProductDependency section */
	};
	rootObject = AE50800B2697504100926F54 /* Project object */;
}
