{
  "pins" : [
    {
      "identity" : "gxcorebl",
      "kind" : "remoteSourceControl",
      "location" : "https://github.com/GeneXus-SwiftPackages/GXCoreBL.git",
      "state" : {
        "revision" : "f9df7f99958fb243fdbb1e3e20796c56d055d4a0",
        "version" : "1.1.2"
      }
    },
    {
      "identity" : "gxcoreui",
      "kind" : "remoteSourceControl",
      "location" : "https://github.com/GeneXus-SwiftPackages/GXCoreUI.git",
      "state" : {
        "revision" : "21ab2acc0fe2a9038899e7368b4d1a172d9fd638",
        "version" : "1.1.2"
      }
    },
    {
      "identity" : "gxdatalayer",
      "kind" : "remoteSourceControl",
      "location" : "https://github.com/GeneXus-SwiftPackages/GXDataLayer.git",
      "state" : {
        "revision" : "9e3ea4cc0d5c838c6ade05e0c0af6402aa4ad7ef",
        "version" : "1.1.2"
      }
    },
    {
      "identity" : "gxdatalayerremote",
      "kind" : "localSourceControl",
      "location" : "/Users/jechague/Developer/GitHub/iOSFlexibleClient/Build/.gxbuild/SwiftPackages/GXDataLayerRemote",
      "state" : {
        "revision" : "16718a5f505712bd1c2311c6ee2de8eba6c4d685",
        "version" : "1.1.2"
      }
    },
    {
      "identity" : "gxfoundation",
      "kind" : "remoteSourceControl",
      "location" : "https://github.com/GeneXus-SwiftPackages/GXFoundation.git",
      "state" : {
        "revision" : "d7e37a0ee63d5dcd5ffc1a2de12c48fb12913d98",
        "version" : "1.1.2"
      }
    },
    {
      "identity" : "gxobjectsmodel",
      "kind" : "remoteSourceControl",
      "location" : "https://github.com/GeneXus-SwiftPackages/GXObjectsModel.git",
      "state" : {
        "revision" : "c9947dfef5be878e8bf24371512e376bfbb67a59",
        "version" : "1.1.2"
      }
    },
    {
      "identity" : "gxstandardclasses",
      "kind" : "remoteSourceControl",
      "location" : "https://github.com/GeneXus-SwiftPackages/GXStandardClasses.git",
      "state" : {
        "revision" : "50cc53c4a6e363e907008f608fa345fcb0efb796",
        "version" : "1.1.2"
      }
    },
    {
      "identity" : "gxsuperapp",
      "kind" : "remoteSourceControl",
      "location" : "https://github.com/GeneXus-SwiftPackages/GXSuperApp.git",
      "state" : {
        "revision" : "a9cb7f088d4ab4668c610a5757ecd53e6b791d2c",
        "version" : "1.1.2"
      }
    },
    {
      "identity" : "gxsuperappsandbox",
      "kind" : "remoteSourceControl",
      "location" : "https://github.com/GeneXus-SwiftPackages/GXSuperAppSandbox.git",
      "state" : {
        "revision" : "de06bb4e1f2930fbe19b8dd6f9cddeb176028dda",
        "version" : "1.1.2"
      }
    },
    {
      "identity" : "gxuiapplication",
      "kind" : "remoteSourceControl",
      "location" : "https://github.com/GeneXus-SwiftPackages/GXUIApplication.git",
      "state" : {
        "revision" : "b5816214d10a76033e18addee9a19544b8e97eb9",
        "version" : "1.1.2"
      }
    },
    {
      "identity" : "yajl",
      "kind" : "remoteSourceControl",
      "location" : "https://github.com/GeneXus-SwiftPackages/YAJL.git",
      "state" : {
        "revision" : "b57f90d5ac0628f38d22a9448c1cc050938edcbd",
        "version" : "1.1.2"
      }
    }
  ],
  "version" : 2
}
